
Microsoft Visual Studio Solution File, Format Version 12.00
# Visual Studio Version 17
VisualStudioVersion = 17.3.32825.248
MinimumVisualStudioVersion = 10.0.40219.1
Project("{FAE04EC0-301F-11D3-BF4B-00C04F79EFBC}") = "CotacaoDolar", "CotacaoDolar\CotacaoDolar.csproj", "{B0FA0414-EE4F-4AF1-B5C0-83745DF97A31}"
EndProject
Global
	GlobalSection(SolutionConfigurationPlatforms) = preSolution
		Debug|Any CPU = Debug|Any CPU
		Release|Any CPU = Release|Any CPU
	EndGlobalSection
	GlobalSection(ProjectConfigurationPlatforms) = postSolution
		{B0FA0414-EE4F-4AF1-B5C0-83745DF97A31}.Debug|Any CPU.ActiveCfg = Debug|Any CPU
		{B0FA0414-EE4F-4AF1-B5C0-83745DF97A31}.Debug|Any CPU.Build.0 = Debug|Any CPU
		{B0FA0414-EE4F-4AF1-B5C0-83745DF97A31}.Release|Any CPU.ActiveCfg = Release|Any CPU
		{B0FA0414-EE4F-4AF1-B5C0-83745DF97A31}.Release|Any CPU.Build.0 = Release|Any CPU
	EndGlobalSection
	GlobalSection(SolutionProperties) = preSolution
		HideSolutionNode = FALSE
	EndGlobalSection
	GlobalSection(ExtensibilityGlobals) = postSolution
		SolutionGuid = {856B6843-DECF-44C8-83B2-5DAE48F9CFAA}
	EndGlobalSection
EndGlobal
