
Microsoft Visual Studio Solution File, Format Version 12.00
# Visual Studio Version 17
VisualStudioVersion = 17.3.32825.248
MinimumVisualStudioVersion = 10.0.40219.1
Project("{FAE04EC0-301F-11D3-BF4B-00C04F79EFBC}") = "ConversorMilhas", "ConversorMilhas\ConversorMilhas.csproj", "{C06DFD9B-A22D-411A-9E54-E59EAA0CB95E}"
EndProject
Global
	GlobalSection(SolutionConfigurationPlatforms) = preSolution
		Debug|Any CPU = Debug|Any CPU
		Release|Any CPU = Release|Any CPU
	EndGlobalSection
	GlobalSection(ProjectConfigurationPlatforms) = postSolution
		{C06DFD9B-A22D-411A-9E54-E59EAA0CB95E}.Debug|Any CPU.ActiveCfg = Debug|Any CPU
		{C06DFD9B-A22D-411A-9E54-E59EAA0CB95E}.Debug|Any CPU.Build.0 = Debug|Any CPU
		{C06DFD9B-A22D-411A-9E54-E59EAA0CB95E}.Release|Any CPU.ActiveCfg = Release|Any CPU
		{C06DFD9B-A22D-411A-9E54-E59EAA0CB95E}.Release|Any CPU.Build.0 = Release|Any CPU
	EndGlobalSection
	GlobalSection(SolutionProperties) = preSolution
		HideSolutionNode = FALSE
	EndGlobalSection
	GlobalSection(ExtensibilityGlobals) = postSolution
		SolutionGuid = {4F5B81E8-11A2-40DF-AF6F-07243F39E462}
	EndGlobalSection
EndGlobal
