
Microsoft Visual Studio Solution File, Format Version 12.00
# Visual Studio Version 17
VisualStudioVersion = 17.3.32825.248
MinimumVisualStudioVersion = 10.0.40219.1
Project("{FAE04EC0-301F-11D3-BF4B-00C04F79EFBC}") = "FormConversoMilhas", "FormConversoMilhas\FormConversoMilhas.csproj", "{25C1B3BA-6128-4AD1-9F74-C1EAA9D111F9}"
EndProject
Global
	GlobalSection(SolutionConfigurationPlatforms) = preSolution
		Debug|Any CPU = Debug|Any CPU
		Release|Any CPU = Release|Any CPU
	EndGlobalSection
	GlobalSection(ProjectConfigurationPlatforms) = postSolution
		{25C1B3BA-6128-4AD1-9F74-C1EAA9D111F9}.Debug|Any CPU.ActiveCfg = Debug|Any CPU
		{25C1B3BA-6128-4AD1-9F74-C1EAA9D111F9}.Debug|Any CPU.Build.0 = Debug|Any CPU
		{25C1B3BA-6128-4AD1-9F74-C1EAA9D111F9}.Release|Any CPU.ActiveCfg = Release|Any CPU
		{25C1B3BA-6128-4AD1-9F74-C1EAA9D111F9}.Release|Any CPU.Build.0 = Release|Any CPU
	EndGlobalSection
	GlobalSection(SolutionProperties) = preSolution
		HideSolutionNode = FALSE
	EndGlobalSection
	GlobalSection(ExtensibilityGlobals) = postSolution
		SolutionGuid = {CD57F231-17E1-417C-B10C-C42F7364AFAB}
	EndGlobalSection
EndGlobal
